// !$*UTF8*$!
{
	archiveVersion = 1;
	classes = {
	};
	objectVersion = 51;
	objects = {

/* Begin PBXBuildFile section */
		1504D92D2583AD7C00B4EBEE /* FriendsTableViewController.swift in Sources */ = {isa = PBXBuildFile; fileRef = 1504D92C2583AD7C00B4EBEE /* FriendsTableViewController.swift */; };
		1504D9312583ADA400B4EBEE /* FriendTableViewCell.swift in Sources */ = {isa = PBXBuildFile; fileRef = 1504D9302583ADA400B4EBEE /* FriendTableViewCell.swift */; };
		1504D9342583AE9500B4EBEE /* Data.swift in Sources */ = {isa = PBXBuildFile; fileRef = 1504D9332583AE9500B4EBEE /* Data.swift */; };
		1504D9382583BEBF00B4EBEE /* PhotoCollectionViewController.swift in Sources */ = {isa = PBXBuildFile; fileRef = 1504D9372583BEBF00B4EBEE /* PhotoCollectionViewController.swift */; };
		1504D93C2583BEEC00B4EBEE /* PhotoCollectionViewCell.swift in Sources */ = {isa = PBXBuildFile; fileRef = 1504D93B2583BEEC00B4EBEE /* PhotoCollectionViewCell.swift */; };
		1504D9402583D16100B4EBEE /* GroupsTableViewController.swift in Sources */ = {isa = PBXBuildFile; fileRef = 1504D93F2583D16100B4EBEE /* GroupsTableViewController.swift */; };
		1504D9442583D17700B4EBEE /* GroupTableViewCell.swift in Sources */ = {isa = PBXBuildFile; fileRef = 1504D9432583D17700B4EBEE /* GroupTableViewCell.swift */; };
		1504D94825848BA600B4EBEE /* AllGroupsTableViewController.swift in Sources */ = {isa = PBXBuildFile; fileRef = 1504D94725848BA600B4EBEE /* AllGroupsTableViewController.swift */; };
		1504D94B25848BB800B4EBEE /* AllGroupsTableViewCell.swift in Sources */ = {isa = PBXBuildFile; fileRef = 1504D94A25848BB800B4EBEE /* AllGroupsTableViewCell.swift */; };
		1533D93F2593A6BB008A44EB /* LoadingIndicator.swift in Sources */ = {isa = PBXBuildFile; fileRef = 1533D93E2593A6BB008A44EB /* LoadingIndicator.swift */; };
		1535229025AF0A6F006498A6 /* Session.swift in Sources */ = {isa = PBXBuildFile; fileRef = 1535228F25AF0A6F006498A6 /* Session.swift */; };
		153F21A32577F3780018A18D /* AppDelegate.swift in Sources */ = {isa = PBXBuildFile; fileRef = 153F21A22577F3780018A18D /* AppDelegate.swift */; };
		153F21A52577F3780018A18D /* SceneDelegate.swift in Sources */ = {isa = PBXBuildFile; fileRef = 153F21A42577F3780018A18D /* SceneDelegate.swift */; };
		153F21AA2577F3780018A18D /* Main.storyboard in Resources */ = {isa = PBXBuildFile; fileRef = 153F21A82577F3780018A18D /* Main.storyboard */; };
		153F21AC2577F37B0018A18D /* Assets.xcassets in Resources */ = {isa = PBXBuildFile; fileRef = 153F21AB2577F37B0018A18D /* Assets.xcassets */; };
		153F21AF2577F37B0018A18D /* LaunchScreen.storyboard in Resources */ = {isa = PBXBuildFile; fileRef = 153F21AD2577F37B0018A18D /* LaunchScreen.storyboard */; };
		153F21B92577F6FF0018A18D /* LoginFormController.swift in Sources */ = {isa = PBXBuildFile; fileRef = 153F21B82577F6FF0018A18D /* LoginFormController.swift */; };
		1542524D25A2EF240014F40A /* FeedController.swift in Sources */ = {isa = PBXBuildFile; fileRef = 1542524C25A2EF240014F40A /* FeedController.swift */; };
		1542525025A2F4AD0014F40A /* MainTabBarController.swift in Sources */ = {isa = PBXBuildFile; fileRef = 1542524F25A2F4AD0014F40A /* MainTabBarController.swift */; };
		1542525725AB74AE0014F40A /* FeedCell.swift in Sources */ = {isa = PBXBuildFile; fileRef = 1542525625AB74AD0014F40A /* FeedCell.swift */; };
		15462829259D9AD9008F9411 /* CustomNavigationController.swift in Sources */ = {isa = PBXBuildFile; fileRef = 15462828259D9AD9008F9411 /* CustomNavigationController.swift */; };
		1546282E259D9C34008F9411 /* CustomNavigationControllerTransitions.swift in Sources */ = {isa = PBXBuildFile; fileRef = 1546282D259D9C34008F9411 /* CustomNavigationControllerTransitions.swift */; };
		1572BDB925C6837D00B320F9 /* RealmService.swift in Sources */ = {isa = PBXBuildFile; fileRef = 1572BDB825C6837D00B320F9 /* RealmService.swift */; };
		1593ABBB25D45586005B7FD1 /* GoogleService-Info.plist in Resources */ = {isa = PBXBuildFile; fileRef = 1593ABBA25D45586005B7FD1 /* GoogleService-Info.plist */; };
		15A901C225B4166E006C5A25 /* VKLoginViewController.swift in Sources */ = {isa = PBXBuildFile; fileRef = 15A901C125B4166E006C5A25 /* VKLoginViewController.swift */; };
		15A901C525B429A6006C5A25 /* NetworkService.swift in Sources */ = {isa = PBXBuildFile; fileRef = 15A901C425B429A6006C5A25 /* NetworkService.swift */; };
		15B17600258621F500042450 /* CellLogo.swift in Sources */ = {isa = PBXBuildFile; fileRef = 15B175FF258621F500042450 /* CellLogo.swift */; };
		15B176092586793D00042450 /* LikeControl.swift in Sources */ = {isa = PBXBuildFile; fileRef = 15B176082586793D00042450 /* LikeControl.swift */; };
		15B3E5B2258E4913001C025E /* MyCustomSectionHeaderView.swift in Sources */ = {isa = PBXBuildFile; fileRef = 15B3E5B1258E4913001C025E /* MyCustomSectionHeaderView.swift */; };
		15B3E5BB258F670C001C025E /* NewsTableViewCell.swift in Sources */ = {isa = PBXBuildFile; fileRef = 15B3E5BA258F670C001C025E /* NewsTableViewCell.swift */; };
		15B3E5BF258F777B001C025E /* NewsTableViewController.swift in Sources */ = {isa = PBXBuildFile; fileRef = 15B3E5BE258F777B001C025E /* NewsTableViewController.swift */; };
		15C6ACBB25DEC5790060E0E9 /* WebKit.framework in Frameworks */ = {isa = PBXBuildFile; fileRef = 15C6ACBA25DEC5790060E0E9 /* WebKit.framework */; };
		15D31FE425AED4B0003D312E /* UIView.swift in Sources */ = {isa = PBXBuildFile; fileRef = 15D31FE325AED4B0003D312E /* UIView.swift */; };
		15D31FE825AED4E8003D312E /* UILabel.swift in Sources */ = {isa = PBXBuildFile; fileRef = 15D31FE725AED4E8003D312E /* UILabel.swift */; };
		15D31FEB25AED521003D312E /* UIImage.swift in Sources */ = {isa = PBXBuildFile; fileRef = 15D31FEA25AED521003D312E /* UIImage.swift */; };
		15D91F0C25BA9B2C00169520 /* User.swift in Sources */ = {isa = PBXBuildFile; fileRef = 15D91F0B25BA9B2C00169520 /* User.swift */; };
		15D91F4325BBDED900169520 /* UIImageView.swift in Sources */ = {isa = PBXBuildFile; fileRef = 15D91F4225BBDED900169520 /* UIImageView.swift */; };
		15D91F4B25BC162300169520 /* Group.swift in Sources */ = {isa = PBXBuildFile; fileRef = 15D91F4A25BC162300169520 /* Group.swift */; };
		15D91F5225BC400300169520 /* UserPhoto.swift in Sources */ = {isa = PBXBuildFile; fileRef = 15D91F5125BC400300169520 /* UserPhoto.swift */; };
		15FE1DC8259754310001481E /* SwipePhotoGalleryViewController.swift in Sources */ = {isa = PBXBuildFile; fileRef = 15FE1DC7259754310001481E /* SwipePhotoGalleryViewController.swift */; };
		15FE81C625CAC440009E7445 /* UITableView.swift in Sources */ = {isa = PBXBuildFile; fileRef = 15FE81C525CAC440009E7445 /* UITableView.swift */; };
		15FE9B2325EFFE55009C3087 /* NewsPost.swift in Sources */ = {isa = PBXBuildFile; fileRef = 15FE9B2225EFFE55009C3087 /* NewsPost.swift */; };
/* End PBXBuildFile section */

/* Begin PBXFileReference section */
		1504D92C2583AD7C00B4EBEE /* FriendsTableViewController.swift */ = {isa = PBXFileReference; lastKnownFileType = sourcecode.swift; path = FriendsTableViewController.swift; sourceTree = "<group>"; };
		1504D9302583ADA400B4EBEE /* FriendTableViewCell.swift */ = {isa = PBXFileReference; lastKnownFileType = sourcecode.swift; path = FriendTableViewCell.swift; sourceTree = "<group>"; };
		1504D9332583AE9500B4EBEE /* Data.swift */ = {isa = PBXFileReference; lastKnownFileType = sourcecode.swift; path = Data.swift; sourceTree = "<group>"; };
		1504D9372583BEBF00B4EBEE /* PhotoCollectionViewController.swift */ = {isa = PBXFileReference; lastKnownFileType = sourcecode.swift; path = PhotoCollectionViewController.swift; sourceTree = "<group>"; };
		1504D93B2583BEEC00B4EBEE /* PhotoCollectionViewCell.swift */ = {isa = PBXFileReference; lastKnownFileType = sourcecode.swift; path = PhotoCollectionViewCell.swift; sourceTree = "<group>"; };
		1504D93F2583D16100B4EBEE /* GroupsTableViewController.swift */ = {isa = PBXFileReference; lastKnownFileType = sourcecode.swift; path = GroupsTableViewController.swift; sourceTree = "<group>"; };
		1504D9432583D17700B4EBEE /* GroupTableViewCell.swift */ = {isa = PBXFileReference; lastKnownFileType = sourcecode.swift; path = GroupTableViewCell.swift; sourceTree = "<group>"; };
		1504D94725848BA600B4EBEE /* AllGroupsTableViewController.swift */ = {isa = PBXFileReference; lastKnownFileType = sourcecode.swift; path = AllGroupsTableViewController.swift; sourceTree = "<group>"; };
		1504D94A25848BB800B4EBEE /* AllGroupsTableViewCell.swift */ = {isa = PBXFileReference; lastKnownFileType = sourcecode.swift; path = AllGroupsTableViewCell.swift; sourceTree = "<group>"; };
		1533D93E2593A6BB008A44EB /* LoadingIndicator.swift */ = {isa = PBXFileReference; lastKnownFileType = sourcecode.swift; path = LoadingIndicator.swift; sourceTree = "<group>"; };
		1535228F25AF0A6F006498A6 /* Session.swift */ = {isa = PBXFileReference; lastKnownFileType = sourcecode.swift; path = Session.swift; sourceTree = "<group>"; };
		153F219F2577F3780018A18D /* VkClient.app */ = {isa = PBXFileReference; explicitFileType = wrapper.application; includeInIndex = 0; path = VkClient.app; sourceTree = BUILT_PRODUCTS_DIR; };
		153F21A22577F3780018A18D /* AppDelegate.swift */ = {isa = PBXFileReference; lastKnownFileType = sourcecode.swift; path = AppDelegate.swift; sourceTree = "<group>"; };
		153F21A42577F3780018A18D /* SceneDelegate.swift */ = {isa = PBXFileReference; lastKnownFileType = sourcecode.swift; path = SceneDelegate.swift; sourceTree = "<group>"; };
		153F21A92577F3780018A18D /* Base */ = {isa = PBXFileReference; lastKnownFileType = file.storyboard; name = Base; path = Base.lproj/Main.storyboard; sourceTree = "<group>"; };
		153F21AB2577F37B0018A18D /* Assets.xcassets */ = {isa = PBXFileReference; lastKnownFileType = folder.assetcatalog; path = Assets.xcassets; sourceTree = "<group>"; };
		153F21AE2577F37B0018A18D /* Base */ = {isa = PBXFileReference; lastKnownFileType = file.storyboard; name = Base; path = Base.lproj/LaunchScreen.storyboard; sourceTree = "<group>"; };
		153F21B02577F37B0018A18D /* Info.plist */ = {isa = PBXFileReference; lastKnownFileType = text.plist.xml; path = Info.plist; sourceTree = "<group>"; };
		153F21B82577F6FF0018A18D /* LoginFormController.swift */ = {isa = PBXFileReference; lastKnownFileType = sourcecode.swift; path = LoginFormController.swift; sourceTree = "<group>"; };
		1542524C25A2EF240014F40A /* FeedController.swift */ = {isa = PBXFileReference; fileEncoding = 4; lastKnownFileType = sourcecode.swift; path = FeedController.swift; sourceTree = "<group>"; };
		1542524F25A2F4AD0014F40A /* MainTabBarController.swift */ = {isa = PBXFileReference; lastKnownFileType = sourcecode.swift; path = MainTabBarController.swift; sourceTree = "<group>"; };
		1542525625AB74AD0014F40A /* FeedCell.swift */ = {isa = PBXFileReference; lastKnownFileType = sourcecode.swift; path = FeedCell.swift; sourceTree = "<group>"; };
		15462828259D9AD9008F9411 /* CustomNavigationController.swift */ = {isa = PBXFileReference; lastKnownFileType = sourcecode.swift; path = CustomNavigationController.swift; sourceTree = "<group>"; };
		1546282D259D9C34008F9411 /* CustomNavigationControllerTransitions.swift */ = {isa = PBXFileReference; lastKnownFileType = sourcecode.swift; path = CustomNavigationControllerTransitions.swift; sourceTree = "<group>"; };
		1572BDB825C6837D00B320F9 /* RealmService.swift */ = {isa = PBXFileReference; lastKnownFileType = sourcecode.swift; path = RealmService.swift; sourceTree = "<group>"; };
		1593ABBA25D45586005B7FD1 /* GoogleService-Info.plist */ = {isa = PBXFileReference; fileEncoding = 4; lastKnownFileType = text.plist.xml; path = "GoogleService-Info.plist"; sourceTree = "<group>"; };
		15A901C125B4166E006C5A25 /* VKLoginViewController.swift */ = {isa = PBXFileReference; lastKnownFileType = sourcecode.swift; path = VKLoginViewController.swift; sourceTree = "<group>"; };
		15A901C425B429A6006C5A25 /* NetworkService.swift */ = {isa = PBXFileReference; lastKnownFileType = sourcecode.swift; path = NetworkService.swift; sourceTree = "<group>"; };
		15B175FF258621F500042450 /* CellLogo.swift */ = {isa = PBXFileReference; lastKnownFileType = sourcecode.swift; path = CellLogo.swift; sourceTree = "<group>"; };
		15B176082586793D00042450 /* LikeControl.swift */ = {isa = PBXFileReference; lastKnownFileType = sourcecode.swift; path = LikeControl.swift; sourceTree = "<group>"; };
		15B3E5B1258E4913001C025E /* MyCustomSectionHeaderView.swift */ = {isa = PBXFileReference; lastKnownFileType = sourcecode.swift; path = MyCustomSectionHeaderView.swift; sourceTree = "<group>"; };
		15B3E5BA258F670C001C025E /* NewsTableViewCell.swift */ = {isa = PBXFileReference; lastKnownFileType = sourcecode.swift; path = NewsTableViewCell.swift; sourceTree = "<group>"; };
		15B3E5BE258F777B001C025E /* NewsTableViewController.swift */ = {isa = PBXFileReference; fileEncoding = 4; lastKnownFileType = sourcecode.swift; path = NewsTableViewController.swift; sourceTree = "<group>"; };
		15C6ACBA25DEC5790060E0E9 /* WebKit.framework */ = {isa = PBXFileReference; lastKnownFileType = wrapper.framework; name = WebKit.framework; path = System/Library/Frameworks/WebKit.framework; sourceTree = SDKROOT; };
		15D31FE325AED4B0003D312E /* UIView.swift */ = {isa = PBXFileReference; lastKnownFileType = sourcecode.swift; path = UIView.swift; sourceTree = "<group>"; };
		15D31FE725AED4E8003D312E /* UILabel.swift */ = {isa = PBXFileReference; lastKnownFileType = sourcecode.swift; path = UILabel.swift; sourceTree = "<group>"; };
		15D31FEA25AED521003D312E /* UIImage.swift */ = {isa = PBXFileReference; lastKnownFileType = sourcecode.swift; path = UIImage.swift; sourceTree = "<group>"; };
		15D91F0B25BA9B2C00169520 /* User.swift */ = {isa = PBXFileReference; lastKnownFileType = sourcecode.swift; path = User.swift; sourceTree = "<group>"; };
		15D91F4225BBDED900169520 /* UIImageView.swift */ = {isa = PBXFileReference; lastKnownFileType = sourcecode.swift; path = UIImageView.swift; sourceTree = "<group>"; };
		15D91F4A25BC162300169520 /* Group.swift */ = {isa = PBXFileReference; lastKnownFileType = sourcecode.swift; path = Group.swift; sourceTree = "<group>"; };
		15D91F5125BC400300169520 /* UserPhoto.swift */ = {isa = PBXFileReference; lastKnownFileType = sourcecode.swift; path = UserPhoto.swift; sourceTree = "<group>"; };
		15FE1DC7259754310001481E /* SwipePhotoGalleryViewController.swift */ = {isa = PBXFileReference; lastKnownFileType = sourcecode.swift; path = SwipePhotoGalleryViewController.swift; sourceTree = "<group>"; };
		15FE81C525CAC440009E7445 /* UITableView.swift */ = {isa = PBXFileReference; lastKnownFileType = sourcecode.swift; path = UITableView.swift; sourceTree = "<group>"; };
		15FE9B2225EFFE55009C3087 /* NewsPost.swift */ = {isa = PBXFileReference; lastKnownFileType = sourcecode.swift; path = NewsPost.swift; sourceTree = "<group>"; };
		49AB66AC5AB6D7A29F14CD36 /* Pods-VkClient.debug.xcconfig */ = {isa = PBXFileReference; includeInIndex = 1; lastKnownFileType = text.xcconfig; name = "Pods-VkClient.debug.xcconfig"; path = "Target Support Files/Pods-VkClient/Pods-VkClient.debug.xcconfig"; sourceTree = "<group>"; };
		79E414BC426BDF48CF103EAB /* Pods-VkClient.release.xcconfig */ = {isa = PBXFileReference; includeInIndex = 1; lastKnownFileType = text.xcconfig; name = "Pods-VkClient.release.xcconfig"; path = "Target Support Files/Pods-VkClient/Pods-VkClient.release.xcconfig"; sourceTree = "<group>"; };
/* End PBXFileReference section */

/* Begin PBXFrameworksBuildPhase section */
		153F219C2577F3780018A18D /* Frameworks */ = {
			isa = PBXFrameworksBuildPhase;
			buildActionMask = 2147483647;
			files = (
				15C6ACBB25DEC5790060E0E9 /* WebKit.framework in Frameworks */,
			);
			runOnlyForDeploymentPostprocessing = 0;
		};
/* End PBXFrameworksBuildPhase section */

/* Begin PBXGroup section */
		1504D9292583AD2200B4EBEE /* Models */ = {
			isa = PBXGroup;
			children = (
				1504D9332583AE9500B4EBEE /* Data.swift */,
				15D91F0B25BA9B2C00169520 /* User.swift */,
				15D91F4A25BC162300169520 /* Group.swift */,
				15D91F5125BC400300169520 /* UserPhoto.swift */,
				15FE9B2225EFFE55009C3087 /* NewsPost.swift */,
			);
			path = Models;
			sourceTree = "<group>";
		};
		1504D92A2583AD3000B4EBEE /* Friends */ = {
			isa = PBXGroup;
			children = (
				1504D92C2583AD7C00B4EBEE /* FriendsTableViewController.swift */,
				1504D9302583ADA400B4EBEE /* FriendTableViewCell.swift */,
				15B3E5B1258E4913001C025E /* MyCustomSectionHeaderView.swift */,
			);
			path = Friends;
			sourceTree = "<group>";
		};
		1504D92B2583AD3E00B4EBEE /* Groups */ = {
			isa = PBXGroup;
			children = (
				1504D93F2583D16100B4EBEE /* GroupsTableViewController.swift */,
				1504D9432583D17700B4EBEE /* GroupTableViewCell.swift */,
				1504D94725848BA600B4EBEE /* AllGroupsTableViewController.swift */,
				1504D94A25848BB800B4EBEE /* AllGroupsTableViewCell.swift */,
			);
			path = Groups;
			sourceTree = "<group>";
		};
		1504D9362583BE9A00B4EBEE /* FriendPhotos */ = {
			isa = PBXGroup;
			children = (
				1504D9372583BEBF00B4EBEE /* PhotoCollectionViewController.swift */,
				15FE1DC7259754310001481E /* SwipePhotoGalleryViewController.swift */,
				1504D93B2583BEEC00B4EBEE /* PhotoCollectionViewCell.swift */,
			);
			path = FriendPhotos;
			sourceTree = "<group>";
		};
		1535229225AF0CF5006498A6 /* Controllers */ = {
			isa = PBXGroup;
			children = (
				153F21B82577F6FF0018A18D /* LoginFormController.swift */,
				1542524F25A2F4AD0014F40A /* MainTabBarController.swift */,
				15A901C125B4166E006C5A25 /* VKLoginViewController.swift */,
			);
			path = Controllers;
			sourceTree = "<group>";
		};
		1535229425AF0D0E006498A6 /* Application */ = {
			isa = PBXGroup;
			children = (
				153F21A22577F3780018A18D /* AppDelegate.swift */,
				153F21A42577F3780018A18D /* SceneDelegate.swift */,
			);
			path = Application;
			sourceTree = "<group>";
		};
		1535229625AF0D22006498A6 /* CustomUI */ = {
			isa = PBXGroup;
			children = (
				15B175FF258621F500042450 /* CellLogo.swift */,
				15B176082586793D00042450 /* LikeControl.swift */,
				1533D93E2593A6BB008A44EB /* LoadingIndicator.swift */,
			);
			path = CustomUI;
			sourceTree = "<group>";
		};
		153F21962577F3780018A18D = {
			isa = PBXGroup;
			children = (
				153F21A12577F3780018A18D /* VkClient */,
				153F21AB2577F37B0018A18D /* Assets.xcassets */,
				153F21B02577F37B0018A18D /* Info.plist */,
				1593ABBA25D45586005B7FD1 /* GoogleService-Info.plist */,
				153F21A02577F3780018A18D /* Products */,
				3892D2053B3659B863F1371F /* Pods */,
				7C9542E8FCF66F273995843D /* Frameworks */,
			);
			sourceTree = "<group>";
		};
		153F21A02577F3780018A18D /* Products */ = {
			isa = PBXGroup;
			children = (
				153F219F2577F3780018A18D /* VkClient.app */,
			);
			name = Products;
			sourceTree = "<group>";
		};
		153F21A12577F3780018A18D /* VkClient */ = {
			isa = PBXGroup;
			children = (
				1572BDB725C6835E00B320F9 /* Services */,
				1535229425AF0D0E006498A6 /* Application */,
				1535229225AF0CF5006498A6 /* Controllers */,
				1535229625AF0D22006498A6 /* CustomUI */,
				15D31FE225AED47F003D312E /* Extensions */,
				1504D9362583BE9A00B4EBEE /* FriendPhotos */,
				1504D92A2583AD3000B4EBEE /* Friends */,
				1504D92B2583AD3E00B4EBEE /* Groups */,
				1504D9292583AD2200B4EBEE /* Models */,
				1546282B259D9BB4008F9411 /* NavigationController */,
				15B3E5B5258F6696001C025E /* News */,
				15B176022586222500042450 /* Storyboards */,
			);
			path = VkClient;
			sourceTree = "<group>";
		};
		1546282B259D9BB4008F9411 /* NavigationController */ = {
			isa = PBXGroup;
			children = (
				15462828259D9AD9008F9411 /* CustomNavigationController.swift */,
				1546282D259D9C34008F9411 /* CustomNavigationControllerTransitions.swift */,
			);
			path = NavigationController;
			sourceTree = "<group>";
		};
		1572BDB725C6835E00B320F9 /* Services */ = {
			isa = PBXGroup;
			children = (
				15A901C425B429A6006C5A25 /* NetworkService.swift */,
				1535228F25AF0A6F006498A6 /* Session.swift */,
				1572BDB825C6837D00B320F9 /* RealmService.swift */,
			);
			path = Services;
			sourceTree = "<group>";
		};
		15B176022586222500042450 /* Storyboards */ = {
			isa = PBXGroup;
			children = (
				153F21A82577F3780018A18D /* Main.storyboard */,
				153F21AD2577F37B0018A18D /* LaunchScreen.storyboard */,
			);
			path = Storyboards;
			sourceTree = "<group>";
		};
		15B3E5B5258F6696001C025E /* News */ = {
			isa = PBXGroup;
			children = (
				1542524C25A2EF240014F40A /* FeedController.swift */,
				1542525625AB74AD0014F40A /* FeedCell.swift */,
				15B3E5BE258F777B001C025E /* NewsTableViewController.swift */,
				15B3E5BA258F670C001C025E /* NewsTableViewCell.swift */,
			);
			path = News;
			sourceTree = "<group>";
		};
		15D31FE225AED47F003D312E /* Extensions */ = {
			isa = PBXGroup;
			children = (
				15D31FE325AED4B0003D312E /* UIView.swift */,
				15D31FE725AED4E8003D312E /* UILabel.swift */,
				15D31FEA25AED521003D312E /* UIImage.swift */,
				15D91F4225BBDED900169520 /* UIImageView.swift */,
				15FE81C525CAC440009E7445 /* UITableView.swift */,
			);
			path = Extensions;
			sourceTree = "<group>";
		};
		3892D2053B3659B863F1371F /* Pods */ = {
			isa = PBXGroup;
			children = (
				49AB66AC5AB6D7A29F14CD36 /* Pods-VkClient.debug.xcconfig */,
				79E414BC426BDF48CF103EAB /* Pods-VkClient.release.xcconfig */,
			);
			path = Pods;
			sourceTree = "<group>";
		};
		7C9542E8FCF66F273995843D /* Frameworks */ = {
			isa = PBXGroup;
			children = (
				15C6ACBA25DEC5790060E0E9 /* WebKit.framework */,
			);
			name = Frameworks;
			sourceTree = "<group>";
		};
/* End PBXGroup section */

/* Begin PBXNativeTarget section */
		153F219E2577F3780018A18D /* VkClient */ = {
			isa = PBXNativeTarget;
			buildConfigurationList = 153F21B32577F37B0018A18D /* Build configuration list for PBXNativeTarget "VkClient" */;
			buildPhases = (
				942A69D670116CA3DDB3E2E4 /* [CP] Check Pods Manifest.lock */,
				153F219B2577F3780018A18D /* Sources */,
				153F219C2577F3780018A18D /* Frameworks */,
				153F219D2577F3780018A18D /* Resources */,
				C0B583B8A758FC26E33FC269 /* [CP] Embed Pods Frameworks */,
			);
			buildRules = (
			);
			dependencies = (
			);
			name = VkClient;
			productName = VkClient;
			productReference = 153F219F2577F3780018A18D /* VkClient.app */;
			productType = "com.apple.product-type.application";
		};
/* End PBXNativeTarget section */

/* Begin PBXProject section */
		153F21972577F3780018A18D /* Project object */ = {
			isa = PBXProject;
			attributes = {
				LastSwiftUpdateCheck = 1210;
				LastUpgradeCheck = 1210;
				TargetAttributes = {
					153F219E2577F3780018A18D = {
						CreatedOnToolsVersion = 12.1;
					};
				};
			};
			buildConfigurationList = 153F219A2577F3780018A18D /* Build configuration list for PBXProject "VkClient" */;
			compatibilityVersion = "Xcode 9.3";
			developmentRegion = en;
			hasScannedForEncodings = 0;
			knownRegions = (
				en,
				Base,
			);
			mainGroup = 153F21962577F3780018A18D;
			productRefGroup = 153F21A02577F3780018A18D /* Products */;
			projectDirPath = "";
			projectRoot = "";
			targets = (
				153F219E2577F3780018A18D /* VkClient */,
			);
		};
/* End PBXProject section */

/* Begin PBXResourcesBuildPhase section */
		153F219D2577F3780018A18D /* Resources */ = {
			isa = PBXResourcesBuildPhase;
			buildActionMask = 2147483647;
			files = (
				153F21AF2577F37B0018A18D /* LaunchScreen.storyboard in Resources */,
				153F21AC2577F37B0018A18D /* Assets.xcassets in Resources */,
				1593ABBB25D45586005B7FD1 /* GoogleService-Info.plist in Resources */,
				153F21AA2577F3780018A18D /* Main.storyboard in Resources */,
			);
			runOnlyForDeploymentPostprocessing = 0;
		};
/* End PBXResourcesBuildPhase section */

/* Begin PBXShellScriptBuildPhase section */
		942A69D670116CA3DDB3E2E4 /* [CP] Check Pods Manifest.lock */ = {
			isa = PBXShellScriptBuildPhase;
			buildActionMask = 2147483647;
			files = (
			);
			inputFileListPaths = (
			);
			inputPaths = (
				"${PODS_PODFILE_DIR_PATH}/Podfile.lock",
				"${PODS_ROOT}/Manifest.lock",
			);
			name = "[CP] Check Pods Manifest.lock";
			outputFileListPaths = (
			);
			outputPaths = (
				"$(DERIVED_FILE_DIR)/Pods-VkClient-checkManifestLockResult.txt",
			);
			runOnlyForDeploymentPostprocessing = 0;
			shellPath = /bin/sh;
			shellScript = "diff \"${PODS_PODFILE_DIR_PATH}/Podfile.lock\" \"${PODS_ROOT}/Manifest.lock\" > /dev/null\nif [ $? != 0 ] ; then\n    # print error to STDERR\n    echo \"error: The sandbox is not in sync with the Podfile.lock. Run 'pod install' or update your CocoaPods installation.\" >&2\n    exit 1\nfi\n# This output is used by Xcode 'outputs' to avoid re-running this script phase.\necho \"SUCCESS\" > \"${SCRIPT_OUTPUT_FILE_0}\"\n";
			showEnvVarsInLog = 0;
		};
		C0B583B8A758FC26E33FC269 /* [CP] Embed Pods Frameworks */ = {
			isa = PBXShellScriptBuildPhase;
			buildActionMask = 2147483647;
			files = (
			);
			inputFileListPaths = (
				"${PODS_ROOT}/Target Support Files/Pods-VkClient/Pods-VkClient-frameworks-${CONFIGURATION}-input-files.xcfilelist",
			);
			name = "[CP] Embed Pods Frameworks";
			outputFileListPaths = (
				"${PODS_ROOT}/Target Support Files/Pods-VkClient/Pods-VkClient-frameworks-${CONFIGURATION}-output-files.xcfilelist",
			);
			runOnlyForDeploymentPostprocessing = 0;
			shellPath = /bin/sh;
			shellScript = "\"${PODS_ROOT}/Target Support Files/Pods-VkClient/Pods-VkClient-frameworks.sh\"\n";
			showEnvVarsInLog = 0;
		};
/* End PBXShellScriptBuildPhase section */

/* Begin PBXSourcesBuildPhase section */
		153F219B2577F3780018A18D /* Sources */ = {
			isa = PBXSourcesBuildPhase;
			buildActionMask = 2147483647;
			files = (
				15D91F4B25BC162300169520 /* Group.swift in Sources */,
				1535229025AF0A6F006498A6 /* Session.swift in Sources */,
				1533D93F2593A6BB008A44EB /* LoadingIndicator.swift in Sources */,
				153F21B92577F6FF0018A18D /* LoginFormController.swift in Sources */,
				1504D93C2583BEEC00B4EBEE /* PhotoCollectionViewCell.swift in Sources */,
				15FE81C625CAC440009E7445 /* UITableView.swift in Sources */,
				15D91F0C25BA9B2C00169520 /* User.swift in Sources */,
				1542524D25A2EF240014F40A /* FeedController.swift in Sources */,
				15B176092586793D00042450 /* LikeControl.swift in Sources */,
				1542525725AB74AE0014F40A /* FeedCell.swift in Sources */,
				1572BDB925C6837D00B320F9 /* RealmService.swift in Sources */,
				15D91F4325BBDED900169520 /* UIImageView.swift in Sources */,
				15D31FEB25AED521003D312E /* UIImage.swift in Sources */,
				15B3E5BF258F777B001C025E /* NewsTableViewController.swift in Sources */,
				1542525025A2F4AD0014F40A /* MainTabBarController.swift in Sources */,
				1504D9402583D16100B4EBEE /* GroupsTableViewController.swift in Sources */,
				1504D9342583AE9500B4EBEE /* Data.swift in Sources */,
				15B17600258621F500042450 /* CellLogo.swift in Sources */,
				1504D94825848BA600B4EBEE /* AllGroupsTableViewController.swift in Sources */,
				15FE1DC8259754310001481E /* SwipePhotoGalleryViewController.swift in Sources */,
				1504D9382583BEBF00B4EBEE /* PhotoCollectionViewController.swift in Sources */,
				15D31FE825AED4E8003D312E /* UILabel.swift in Sources */,
				15A901C525B429A6006C5A25 /* NetworkService.swift in Sources */,
				1546282E259D9C34008F9411 /* CustomNavigationControllerTransitions.swift in Sources */,
				15A901C225B4166E006C5A25 /* VKLoginViewController.swift in Sources */,
				15B3E5B2258E4913001C025E /* MyCustomSectionHeaderView.swift in Sources */,
				153F21A32577F3780018A18D /* AppDelegate.swift in Sources */,
				15FE9B2325EFFE55009C3087 /* NewsPost.swift in Sources */,
				15D91F5225BC400300169520 /* UserPhoto.swift in Sources */,
				1504D9312583ADA400B4EBEE /* FriendTableViewCell.swift in Sources */,
				1504D92D2583AD7C00B4EBEE /* FriendsTableViewController.swift in Sources */,
				153F21A52577F3780018A18D /* SceneDelegate.swift in Sources */,
				15D31FE425AED4B0003D312E /* UIView.swift in Sources */,
				15462829259D9AD9008F9411 /* CustomNavigationController.swift in Sources */,
				15B3E5BB258F670C001C025E /* NewsTableViewCell.swift in Sources */,
				1504D9442583D17700B4EBEE /* GroupTableViewCell.swift in Sources */,
				1504D94B25848BB800B4EBEE /* AllGroupsTableViewCell.swift in Sources */,
			);
			runOnlyForDeploymentPostprocessing = 0;
		};
/* End PBXSourcesBuildPhase section */

/* Begin PBXVariantGroup section */
		153F21A82577F3780018A18D /* Main.storyboard */ = {
			isa = PBXVariantGroup;
			children = (
				153F21A92577F3780018A18D /* Base */,
			);
			name = Main.storyboard;
			sourceTree = "<group>";
		};
		153F21AD2577F37B0018A18D /* LaunchScreen.storyboard */ = {
			isa = PBXVariantGroup;
			children = (
				153F21AE2577F37B0018A18D /* Base */,
			);
			name = LaunchScreen.storyboard;
			sourceTree = "<group>";
		};
/* End PBXVariantGroup section */

/* Begin XCBuildConfiguration section */
		153F21B12577F37B0018A18D /* Debug */ = {
			isa = XCBuildConfiguration;
			buildSettings = {
				ALWAYS_SEARCH_USER_PATHS = NO;
				CLANG_ANALYZER_NONNULL = YES;
				CLANG_ANALYZER_NUMBER_OBJECT_CONVERSION = YES_AGGRESSIVE;
				CLANG_CXX_LANGUAGE_STANDARD = "gnu++14";
				CLANG_CXX_LIBRARY = "libc++";
				CLANG_ENABLE_MODULES = YES;
				CLANG_ENABLE_OBJC_ARC = YES;
				CLANG_ENABLE_OBJC_WEAK = YES;
				CLANG_WARN_BLOCK_CAPTURE_AUTORELEASING = YES;
				CLANG_WARN_BOOL_CONVERSION = YES;
				CLANG_WARN_COMMA = YES;
				CLANG_WARN_CONSTANT_CONVERSION = YES;
				CLANG_WARN_DEPRECATED_OBJC_IMPLEMENTATIONS = YES;
				CLANG_WARN_DIRECT_OBJC_ISA_USAGE = YES_ERROR;
				CLANG_WARN_DOCUMENTATION_COMMENTS = YES;
				CLANG_WARN_EMPTY_BODY = YES;
				CLANG_WARN_ENUM_CONVERSION = YES;
				CLANG_WARN_INFINITE_RECURSION = YES;
				CLANG_WARN_INT_CONVERSION = YES;
				CLANG_WARN_NON_LITERAL_NULL_CONVERSION = YES;
				CLANG_WARN_OBJC_IMPLICIT_RETAIN_SELF = YES;
				CLANG_WARN_OBJC_LITERAL_CONVERSION = YES;
				CLANG_WARN_OBJC_ROOT_CLASS = YES_ERROR;
				CLANG_WARN_QUOTED_INCLUDE_IN_FRAMEWORK_HEADER = YES;
				CLANG_WARN_RANGE_LOOP_ANALYSIS = YES;
				CLANG_WARN_STRICT_PROTOTYPES = YES;
				CLANG_WARN_SUSPICIOUS_MOVE = YES;
				CLANG_WARN_UNGUARDED_AVAILABILITY = YES_AGGRESSIVE;
				CLANG_WARN_UNREACHABLE_CODE = YES;
				CLANG_WARN__DUPLICATE_METHOD_MATCH = YES;
				COPY_PHASE_STRIP = NO;
				DEBUG_INFORMATION_FORMAT = dwarf;
				ENABLE_STRICT_OBJC_MSGSEND = YES;
				ENABLE_TESTABILITY = YES;
				GCC_C_LANGUAGE_STANDARD = gnu11;
				GCC_DYNAMIC_NO_PIC = NO;
				GCC_NO_COMMON_BLOCKS = YES;
				GCC_OPTIMIZATION_LEVEL = 0;
				GCC_PREPROCESSOR_DEFINITIONS = (
					"DEBUG=1",
					"$(inherited)",
				);
				GCC_WARN_64_TO_32_BIT_CONVERSION = YES;
				GCC_WARN_ABOUT_RETURN_TYPE = YES_ERROR;
				GCC_WARN_UNDECLARED_SELECTOR = YES;
				GCC_WARN_UNINITIALIZED_AUTOS = YES_AGGRESSIVE;
				GCC_WARN_UNUSED_FUNCTION = YES;
				GCC_WARN_UNUSED_VARIABLE = YES;
				IPHONEOS_DEPLOYMENT_TARGET = 14.1;
				MTL_ENABLE_DEBUG_INFO = INCLUDE_SOURCE;
				MTL_FAST_MATH = YES;
				ONLY_ACTIVE_ARCH = YES;
				SDKROOT = iphoneos;
				SWIFT_ACTIVE_COMPILATION_CONDITIONS = DEBUG;
				SWIFT_OPTIMIZATION_LEVEL = "-Onone";
			};
			name = Debug;
		};
		153F21B22577F37B0018A18D /* Release */ = {
			isa = XCBuildConfiguration;
			buildSettings = {
				ALWAYS_SEARCH_USER_PATHS = NO;
				CLANG_ANALYZER_NONNULL = YES;
				CLANG_ANALYZER_NUMBER_OBJECT_CONVERSION = YES_AGGRESSIVE;
				CLANG_CXX_LANGUAGE_STANDARD = "gnu++14";
				CLANG_CXX_LIBRARY = "libc++";
				CLANG_ENABLE_MODULES = YES;
				CLANG_ENABLE_OBJC_ARC = YES;
				CLANG_ENABLE_OBJC_WEAK = YES;
				CLANG_WARN_BLOCK_CAPTURE_AUTORELEASING = YES;
				CLANG_WARN_BOOL_CONVERSION = YES;
				CLANG_WARN_COMMA = YES;
				CLANG_WARN_CONSTANT_CONVERSION = YES;
				CLANG_WARN_DEPRECATED_OBJC_IMPLEMENTATIONS = YES;
				CLANG_WARN_DIRECT_OBJC_ISA_USAGE = YES_ERROR;
				CLANG_WARN_DOCUMENTATION_COMMENTS = YES;
				CLANG_WARN_EMPTY_BODY = YES;
				CLANG_WARN_ENUM_CONVERSION = YES;
				CLANG_WARN_INFINITE_RECURSION = YES;
				CLANG_WARN_INT_CONVERSION = YES;
				CLANG_WARN_NON_LITERAL_NULL_CONVERSION = YES;
				CLANG_WARN_OBJC_IMPLICIT_RETAIN_SELF = YES;
				CLANG_WARN_OBJC_LITERAL_CONVERSION = YES;
				CLANG_WARN_OBJC_ROOT_CLASS = YES_ERROR;
				CLANG_WARN_QUOTED_INCLUDE_IN_FRAMEWORK_HEADER = YES;
				CLANG_WARN_RANGE_LOOP_ANALYSIS = YES;
				CLANG_WARN_STRICT_PROTOTYPES = YES;
				CLANG_WARN_SUSPICIOUS_MOVE = YES;
				CLANG_WARN_UNGUARDED_AVAILABILITY = YES_AGGRESSIVE;
				CLANG_WARN_UNREACHABLE_CODE = YES;
				CLANG_WARN__DUPLICATE_METHOD_MATCH = YES;
				COPY_PHASE_STRIP = NO;
				DEBUG_INFORMATION_FORMAT = "dwarf-with-dsym";
				ENABLE_NS_ASSERTIONS = NO;
				ENABLE_STRICT_OBJC_MSGSEND = YES;
				GCC_C_LANGUAGE_STANDARD = gnu11;
				GCC_NO_COMMON_BLOCKS = YES;
				GCC_WARN_64_TO_32_BIT_CONVERSION = YES;
				GCC_WARN_ABOUT_RETURN_TYPE = YES_ERROR;
				GCC_WARN_UNDECLARED_SELECTOR = YES;
				GCC_WARN_UNINITIALIZED_AUTOS = YES_AGGRESSIVE;
				GCC_WARN_UNUSED_FUNCTION = YES;
				GCC_WARN_UNUSED_VARIABLE = YES;
				IPHONEOS_DEPLOYMENT_TARGET = 14.1;
				MTL_ENABLE_DEBUG_INFO = NO;
				MTL_FAST_MATH = YES;
				SDKROOT = iphoneos;
				SWIFT_COMPILATION_MODE = wholemodule;
				SWIFT_OPTIMIZATION_LEVEL = "-O";
				VALIDATE_PRODUCT = YES;
			};
			name = Release;
		};
		153F21B42577F37B0018A18D /* Debug */ = {
			isa = XCBuildConfiguration;
			baseConfigurationReference = 49AB66AC5AB6D7A29F14CD36 /* Pods-VkClient.debug.xcconfig */;
			buildSettings = {
				ASSETCATALOG_COMPILER_APPICON_NAME = AppIcon;
				ASSETCATALOG_COMPILER_GLOBAL_ACCENT_COLOR_NAME = AccentColor;
				CODE_SIGN_STYLE = Automatic;
				DEVELOPMENT_TEAM = DQ48S8SUS4;
				INFOPLIST_FILE = "$(SRCROOT)/Info.plist";
				IPHONEOS_DEPLOYMENT_TARGET = 13.6;
				LD_RUNPATH_SEARCH_PATHS = (
					"$(inherited)",
					"@executable_path/Frameworks",
				);
				PRODUCT_BUNDLE_IDENTIFIER = ru.ilyabelyakov.VkClient;
				PRODUCT_NAME = "$(TARGET_NAME)";
				SWIFT_VERSION = 5.0;
				TARGETED_DEVICE_FAMILY = 1;
			};
			name = Debug;
		};
		153F21B52577F37B0018A18D /* Release */ = {
			isa = XCBuildConfiguration;
			baseConfigurationReference = 79E414BC426BDF48CF103EAB /* Pods-VkClient.release.xcconfig */;
			buildSettings = {
				ASSETCATALOG_COMPILER_APPICON_NAME = AppIcon;
				ASSETCATALOG_COMPILER_GLOBAL_ACCENT_COLOR_NAME = AccentColor;
				CODE_SIGN_STYLE = Automatic;
				DEVELOPMENT_TEAM = DQ48S8SUS4;
				INFOPLIST_FILE = "$(SRCROOT)/Info.plist";
				IPHONEOS_DEPLOYMENT_TARGET = 13.6;
				LD_RUNPATH_SEARCH_PATHS = (
					"$(inherited)",
					"@executable_path/Frameworks",
				);
				PRODUCT_BUNDLE_IDENTIFIER = ru.ilyabelyakov.VkClient;
				PRODUCT_NAME = "$(TARGET_NAME)";
				SWIFT_VERSION = 5.0;
				TARGETED_DEVICE_FAMILY = 1;
			};
			name = Release;
		};
/* End XCBuildConfiguration section */

/* Begin XCConfigurationList section */
		153F219A2577F3780018A18D /* Build configuration list for PBXProject "VkClient" */ = {
			isa = XCConfigurationList;
			buildConfigurations = (
				153F21B12577F37B0018A18D /* Debug */,
				153F21B22577F37B0018A18D /* Release */,
			);
			defaultConfigurationIsVisible = 0;
			defaultConfigurationName = Release;
		};
		153F21B32577F37B0018A18D /* Build configuration list for PBXNativeTarget "VkClient" */ = {
			isa = XCConfigurationList;
			buildConfigurations = (
				153F21B42577F37B0018A18D /* Debug */,
				153F21B52577F37B0018A18D /* Release */,
			);
			defaultConfigurationIsVisible = 0;
			defaultConfigurationName = Release;
		};
/* End XCConfigurationList section */
	};
	rootObject = 153F21972577F3780018A18D /* Project object */;
}
