// !$*UTF8*$!
{
	archiveVersion = 1;
	classes = {
	};
	objectVersion = 50;
	objects = {

/* Begin PBXBuildFile section */
		091611AF25EE747B00577800 /* AppDelegate.swift in Sources */ = {isa = PBXBuildFile; fileRef = 091611AE25EE747B00577800 /* AppDelegate.swift */; };
		091611B125EE747B00577800 /* SceneDelegate.swift in Sources */ = {isa = PBXBuildFile; fileRef = 091611B025EE747B00577800 /* SceneDelegate.swift */; };
		091611BB25EE747C00577800 /* LaunchScreen.storyboard in Resources */ = {isa = PBXBuildFile; fileRef = 091611B925EE747C00577800 /* LaunchScreen.storyboard */; };
		091611C625EE749900577800 /* LoginViewController.swift in Sources */ = {isa = PBXBuildFile; fileRef = 091611C525EE749900577800 /* LoginViewController.swift */; };
		09BA60DB25FBA15400FC601A /* LikeView.swift in Sources */ = {isa = PBXBuildFile; fileRef = 09BA60DA25FBA15400FC601A /* LikeView.swift */; };
		09BA60DE25FBA15900FC601A /* AvatarView.swift in Sources */ = {isa = PBXBuildFile; fileRef = 09BA60DD25FBA15800FC601A /* AvatarView.swift */; };
		09BA60E625FBA23F00FC601A /* MyGroups.swift in Sources */ = {isa = PBXBuildFile; fileRef = 09BA60E525FBA23F00FC601A /* MyGroups.swift */; };
		09BA60E925FBA25B00FC601A /* FriendsData.swift in Sources */ = {isa = PBXBuildFile; fileRef = 09BA60E825FBA25B00FC601A /* FriendsData.swift */; };
		09BA60F625FBA32D00FC601A /* FriendsPhotosCollection.swift in Sources */ = {isa = PBXBuildFile; fileRef = 09BA60F525FBA32D00FC601A /* FriendsPhotosCollection.swift */; };
		09BA60F925FBA33400FC601A /* FriendPhotosCell.swift in Sources */ = {isa = PBXBuildFile; fileRef = 09BA60F825FBA33400FC601A /* FriendPhotosCell.swift */; };
		09BA60FC25FBA33A00FC601A /* FriendsPhotos.swift in Sources */ = {isa = PBXBuildFile; fileRef = 09BA60FB25FBA33A00FC601A /* FriendsPhotos.swift */; };
		09BA610625FBA48400FC601A /* Main.storyboard in Resources */ = {isa = PBXBuildFile; fileRef = 09BA610525FBA48400FC601A /* Main.storyboard */; };
		09BA611125FF5FEB00FC601A /* AddGroupsCell.swift in Sources */ = {isa = PBXBuildFile; fileRef = 09BA611025FF5FEB00FC601A /* AddGroupsCell.swift */; };
		09BA611525FF648B00FC601A /* Assets.xcassets in Resources */ = {isa = PBXBuildFile; fileRef = 09BA611425FF648B00FC601A /* Assets.xcassets */; };
		09F6D40025F8E5B1007F5E7A /* GroupTableViewController.swift in Sources */ = {isa = PBXBuildFile; fileRef = 09F6D3FF25F8E5B1007F5E7A /* GroupTableViewController.swift */; };
		09F6D40325F8E6EC007F5E7A /* GroupTableViewCell.swift in Sources */ = {isa = PBXBuildFile; fileRef = 09F6D40225F8E6EC007F5E7A /* GroupTableViewCell.swift */; };
		09F6D40625F8EA2B007F5E7A /* AllGroupsTableViewController.swift in Sources */ = {isa = PBXBuildFile; fileRef = 09F6D40525F8EA2B007F5E7A /* AllGroupsTableViewController.swift */; };
		09F6D41A25F90503007F5E7A /* FriendsTableViewController.swift in Sources */ = {isa = PBXBuildFile; fileRef = 09F6D41925F90503007F5E7A /* FriendsTableViewController.swift */; };
		09F6D41D25F907DB007F5E7A /* FriendsTableViewCell.swift in Sources */ = {isa = PBXBuildFile; fileRef = 09F6D41C25F907DB007F5E7A /* FriendsTableViewCell.swift */; };
/* End PBXBuildFile section */

/* Begin PBXFileReference section */
		091611AB25EE747B00577800 /* VK-Social.app */ = {isa = PBXFileReference; explicitFileType = wrapper.application; includeInIndex = 0; path = "VK-Social.app"; sourceTree = BUILT_PRODUCTS_DIR; };
		091611AE25EE747B00577800 /* AppDelegate.swift */ = {isa = PBXFileReference; lastKnownFileType = sourcecode.swift; path = AppDelegate.swift; sourceTree = "<group>"; };
		091611B025EE747B00577800 /* SceneDelegate.swift */ = {isa = PBXFileReference; lastKnownFileType = sourcecode.swift; path = SceneDelegate.swift; sourceTree = "<group>"; };
		091611BA25EE747C00577800 /* Base */ = {isa = PBXFileReference; lastKnownFileType = file.storyboard; name = Base; path = Base.lproj/LaunchScreen.storyboard; sourceTree = "<group>"; };
		091611BC25EE747C00577800 /* Info.plist */ = {isa = PBXFileReference; lastKnownFileType = text.plist.xml; path = Info.plist; sourceTree = "<group>"; };
		091611C525EE749900577800 /* LoginViewController.swift */ = {isa = PBXFileReference; fileEncoding = 4; lastKnownFileType = sourcecode.swift; path = LoginViewController.swift; sourceTree = "<group>"; };
		09BA60DA25FBA15400FC601A /* LikeView.swift */ = {isa = PBXFileReference; fileEncoding = 4; lastKnownFileType = sourcecode.swift; path = LikeView.swift; sourceTree = "<group>"; };
		09BA60DD25FBA15800FC601A /* AvatarView.swift */ = {isa = PBXFileReference; fileEncoding = 4; lastKnownFileType = sourcecode.swift; path = AvatarView.swift; sourceTree = "<group>"; };
		09BA60E525FBA23F00FC601A /* MyGroups.swift */ = {isa = PBXFileReference; fileEncoding = 4; lastKnownFileType = sourcecode.swift; path = MyGroups.swift; sourceTree = "<group>"; };
		09BA60E825FBA25B00FC601A /* FriendsData.swift */ = {isa = PBXFileReference; fileEncoding = 4; lastKnownFileType = sourcecode.swift; path = FriendsData.swift; sourceTree = "<group>"; };
		09BA60F525FBA32D00FC601A /* FriendsPhotosCollection.swift */ = {isa = PBXFileReference; fileEncoding = 4; lastKnownFileType = sourcecode.swift; path = FriendsPhotosCollection.swift; sourceTree = "<group>"; };
		09BA60F825FBA33400FC601A /* FriendPhotosCell.swift */ = {isa = PBXFileReference; fileEncoding = 4; lastKnownFileType = sourcecode.swift; path = FriendPhotosCell.swift; sourceTree = "<group>"; };
		09BA60FB25FBA33A00FC601A /* FriendsPhotos.swift */ = {isa = PBXFileReference; fileEncoding = 4; lastKnownFileType = sourcecode.swift; path = FriendsPhotos.swift; sourceTree = "<group>"; };
		09BA610525FBA48400FC601A /* Main.storyboard */ = {isa = PBXFileReference; fileEncoding = 4; lastKnownFileType = file.storyboard; path = Main.storyboard; sourceTree = "<group>"; };
		09BA611025FF5FEB00FC601A /* AddGroupsCell.swift */ = {isa = PBXFileReference; fileEncoding = 4; lastKnownFileType = sourcecode.swift; path = AddGroupsCell.swift; sourceTree = "<group>"; };
		09BA611425FF648B00FC601A /* Assets.xcassets */ = {isa = PBXFileReference; lastKnownFileType = folder.assetcatalog; path = Assets.xcassets; sourceTree = "<group>"; };
		09F6D3FF25F8E5B1007F5E7A /* GroupTableViewController.swift */ = {isa = PBXFileReference; lastKnownFileType = sourcecode.swift; path = GroupTableViewController.swift; sourceTree = "<group>"; };
		09F6D40225F8E6EC007F5E7A /* GroupTableViewCell.swift */ = {isa = PBXFileReference; lastKnownFileType = sourcecode.swift; path = GroupTableViewCell.swift; sourceTree = "<group>"; };
		09F6D40525F8EA2B007F5E7A /* AllGroupsTableViewController.swift */ = {isa = PBXFileReference; lastKnownFileType = sourcecode.swift; path = AllGroupsTableViewController.swift; sourceTree = "<group>"; };
		09F6D41925F90503007F5E7A /* FriendsTableViewController.swift */ = {isa = PBXFileReference; lastKnownFileType = sourcecode.swift; path = FriendsTableViewController.swift; sourceTree = "<group>"; };
		09F6D41C25F907DB007F5E7A /* FriendsTableViewCell.swift */ = {isa = PBXFileReference; lastKnownFileType = sourcecode.swift; path = FriendsTableViewCell.swift; sourceTree = "<group>"; };
/* End PBXFileReference section */

/* Begin PBXFrameworksBuildPhase section */
		091611A825EE747B00577800 /* Frameworks */ = {
			isa = PBXFrameworksBuildPhase;
			buildActionMask = 2147483647;
			files = (
			);
			runOnlyForDeploymentPostprocessing = 0;
		};
/* End PBXFrameworksBuildPhase section */

/* Begin PBXGroup section */
		091611A225EE747B00577800 = {
			isa = PBXGroup;
			children = (
				091611AD25EE747B00577800 /* VK-Social */,
				091611AC25EE747B00577800 /* Products */,
			);
			sourceTree = "<group>";
		};
		091611AC25EE747B00577800 /* Products */ = {
			isa = PBXGroup;
			children = (
				091611AB25EE747B00577800 /* VK-Social.app */,
			);
			name = Products;
			sourceTree = "<group>";
		};
		091611AD25EE747B00577800 /* VK-Social */ = {
			isa = PBXGroup;
			children = (
				091611C525EE749900577800 /* LoginViewController.swift */,
				09BA60E125FBA1B600FC601A /* Friends */,
				09BA60F325FBA30700FC601A /* FriendsPhotos */,
				09BA60E025FBA1AC00FC601A /* Goups */,
				09BA610E25FF5E9A00FC601A /* AddGroups */,
				09BA60B025FB8E3D00FC601A /* View */,
				091611AE25EE747B00577800 /* AppDelegate.swift */,
				091611B025EE747B00577800 /* SceneDelegate.swift */,
				091611B925EE747C00577800 /* LaunchScreen.storyboard */,
				09BA611425FF648B00FC601A /* Assets.xcassets */,
				091611BC25EE747C00577800 /* Info.plist */,
				09BA610525FBA48400FC601A /* Main.storyboard */,
			);
			path = "VK-Social";
			sourceTree = "<group>";
		};
		09BA60B025FB8E3D00FC601A /* View */ = {
			isa = PBXGroup;
			children = (
				09BA60DA25FBA15400FC601A /* LikeView.swift */,
				09BA60DD25FBA15800FC601A /* AvatarView.swift */,
			);
			path = View;
			sourceTree = "<group>";
		};
		09BA60E025FBA1AC00FC601A /* Goups */ = {
			isa = PBXGroup;
			children = (
				09F6D3FF25F8E5B1007F5E7A /* GroupTableViewController.swift */,
				09F6D40225F8E6EC007F5E7A /* GroupTableViewCell.swift */,
				09BA60E525FBA23F00FC601A /* MyGroups.swift */,
			);
			path = Goups;
			sourceTree = "<group>";
		};
		09BA60E125FBA1B600FC601A /* Friends */ = {
			isa = PBXGroup;
			children = (
				09F6D41925F90503007F5E7A /* FriendsTableViewController.swift */,
				09F6D41C25F907DB007F5E7A /* FriendsTableViewCell.swift */,
				09BA60E825FBA25B00FC601A /* FriendsData.swift */,
			);
			path = Friends;
			sourceTree = "<group>";
		};
		09BA60F325FBA30700FC601A /* FriendsPhotos */ = {
			isa = PBXGroup;
			children = (
				09BA60F525FBA32D00FC601A /* FriendsPhotosCollection.swift */,
				09BA60F825FBA33400FC601A /* FriendPhotosCell.swift */,
				09BA60FB25FBA33A00FC601A /* FriendsPhotos.swift */,
			);
			path = FriendsPhotos;
			sourceTree = "<group>";
		};
		09BA610E25FF5E9A00FC601A /* AddGroups */ = {
			isa = PBXGroup;
			children = (
				09F6D40525F8EA2B007F5E7A /* AllGroupsTableViewController.swift */,
				09BA611025FF5FEB00FC601A /* AddGroupsCell.swift */,
			);
			path = AddGroups;
			sourceTree = "<group>";
		};
/* End PBXGroup section */

/* Begin PBXNativeTarget section */
		091611AA25EE747B00577800 /* VK-Social */ = {
			isa = PBXNativeTarget;
			buildConfigurationList = 091611BF25EE747C00577800 /* Build configuration list for PBXNativeTarget "VK-Social" */;
			buildPhases = (
				091611A725EE747B00577800 /* Sources */,
				091611A825EE747B00577800 /* Frameworks */,
				091611A925EE747B00577800 /* Resources */,
			);
			buildRules = (
			);
			dependencies = (
			);
			name = "VK-Social";
			productName = "VK-Social";
			productReference = 091611AB25EE747B00577800 /* VK-Social.app */;
			productType = "com.apple.product-type.application";
		};
/* End PBXNativeTarget section */

/* Begin PBXProject section */
		091611A325EE747B00577800 /* Project object */ = {
			isa = PBXProject;
			attributes = {
				LastSwiftUpdateCheck = 1240;
				LastUpgradeCheck = 1240;
				TargetAttributes = {
					091611AA25EE747B00577800 = {
						CreatedOnToolsVersion = 12.4;
					};
				};
			};
			buildConfigurationList = 091611A625EE747B00577800 /* Build configuration list for PBXProject "VK-Social" */;
			compatibilityVersion = "Xcode 9.3";
			developmentRegion = en;
			hasScannedForEncodings = 0;
			knownRegions = (
				en,
				Base,
			);
			mainGroup = 091611A225EE747B00577800;
			productRefGroup = 091611AC25EE747B00577800 /* Products */;
			projectDirPath = "";
			projectRoot = "";
			targets = (
				091611AA25EE747B00577800 /* VK-Social */,
			);
		};
/* End PBXProject section */

/* Begin PBXResourcesBuildPhase section */
		091611A925EE747B00577800 /* Resources */ = {
			isa = PBXResourcesBuildPhase;
			buildActionMask = 2147483647;
			files = (
				09BA610625FBA48400FC601A /* Main.storyboard in Resources */,
				09BA611525FF648B00FC601A /* Assets.xcassets in Resources */,
				091611BB25EE747C00577800 /* LaunchScreen.storyboard in Resources */,
			);
			runOnlyForDeploymentPostprocessing = 0;
		};
/* End PBXResourcesBuildPhase section */

/* Begin PBXSourcesBuildPhase section */
		091611A725EE747B00577800 /* Sources */ = {
			isa = PBXSourcesBuildPhase;
			buildActionMask = 2147483647;
			files = (
				09BA60E625FBA23F00FC601A /* MyGroups.swift in Sources */,
				09BA60DB25FBA15400FC601A /* LikeView.swift in Sources */,
				091611C625EE749900577800 /* LoginViewController.swift in Sources */,
				09BA60F625FBA32D00FC601A /* FriendsPhotosCollection.swift in Sources */,
				09BA60FC25FBA33A00FC601A /* FriendsPhotos.swift in Sources */,
				09F6D40025F8E5B1007F5E7A /* GroupTableViewController.swift in Sources */,
				09BA60DE25FBA15900FC601A /* AvatarView.swift in Sources */,
				09BA611125FF5FEB00FC601A /* AddGroupsCell.swift in Sources */,
				091611AF25EE747B00577800 /* AppDelegate.swift in Sources */,
				09F6D41D25F907DB007F5E7A /* FriendsTableViewCell.swift in Sources */,
				09BA60F925FBA33400FC601A /* FriendPhotosCell.swift in Sources */,
				091611B125EE747B00577800 /* SceneDelegate.swift in Sources */,
				09F6D40325F8E6EC007F5E7A /* GroupTableViewCell.swift in Sources */,
				09BA60E925FBA25B00FC601A /* FriendsData.swift in Sources */,
				09F6D41A25F90503007F5E7A /* FriendsTableViewController.swift in Sources */,
				09F6D40625F8EA2B007F5E7A /* AllGroupsTableViewController.swift in Sources */,
			);
			runOnlyForDeploymentPostprocessing = 0;
		};
/* End PBXSourcesBuildPhase section */

/* Begin PBXVariantGroup section */
		091611B925EE747C00577800 /* LaunchScreen.storyboard */ = {
			isa = PBXVariantGroup;
			children = (
				091611BA25EE747C00577800 /* Base */,
			);
			name = LaunchScreen.storyboard;
			sourceTree = "<group>";
		};
/* End PBXVariantGroup section */

/* Begin XCBuildConfiguration section */
		091611BD25EE747C00577800 /* Debug */ = {
			isa = XCBuildConfiguration;
			buildSettings = {
				ALWAYS_SEARCH_USER_PATHS = NO;
				CLANG_ANALYZER_NONNULL = YES;
				CLANG_ANALYZER_NUMBER_OBJECT_CONVERSION = YES_AGGRESSIVE;
				CLANG_CXX_LANGUAGE_STANDARD = "gnu++14";
				CLANG_CXX_LIBRARY = "libc++";
				CLANG_ENABLE_MODULES = YES;
				CLANG_ENABLE_OBJC_ARC = YES;
				CLANG_ENABLE_OBJC_WEAK = YES;
				CLANG_WARN_BLOCK_CAPTURE_AUTORELEASING = YES;
				CLANG_WARN_BOOL_CONVERSION = YES;
				CLANG_WARN_COMMA = YES;
				CLANG_WARN_CONSTANT_CONVERSION = YES;
				CLANG_WARN_DEPRECATED_OBJC_IMPLEMENTATIONS = YES;
				CLANG_WARN_DIRECT_OBJC_ISA_USAGE = YES_ERROR;
				CLANG_WARN_DOCUMENTATION_COMMENTS = YES;
				CLANG_WARN_EMPTY_BODY = YES;
				CLANG_WARN_ENUM_CONVERSION = YES;
				CLANG_WARN_INFINITE_RECURSION = YES;
				CLANG_WARN_INT_CONVERSION = YES;
				CLANG_WARN_NON_LITERAL_NULL_CONVERSION = YES;
				CLANG_WARN_OBJC_IMPLICIT_RETAIN_SELF = YES;
				CLANG_WARN_OBJC_LITERAL_CONVERSION = YES;
				CLANG_WARN_OBJC_ROOT_CLASS = YES_ERROR;
				CLANG_WARN_QUOTED_INCLUDE_IN_FRAMEWORK_HEADER = YES;
				CLANG_WARN_RANGE_LOOP_ANALYSIS = YES;
				CLANG_WARN_STRICT_PROTOTYPES = YES;
				CLANG_WARN_SUSPICIOUS_MOVE = YES;
				CLANG_WARN_UNGUARDED_AVAILABILITY = YES_AGGRESSIVE;
				CLANG_WARN_UNREACHABLE_CODE = YES;
				CLANG_WARN__DUPLICATE_METHOD_MATCH = YES;
				COPY_PHASE_STRIP = NO;
				DEBUG_INFORMATION_FORMAT = dwarf;
				ENABLE_STRICT_OBJC_MSGSEND = YES;
				ENABLE_TESTABILITY = YES;
				GCC_C_LANGUAGE_STANDARD = gnu11;
				GCC_DYNAMIC_NO_PIC = NO;
				GCC_NO_COMMON_BLOCKS = YES;
				GCC_OPTIMIZATION_LEVEL = 0;
				GCC_PREPROCESSOR_DEFINITIONS = (
					"DEBUG=1",
					"$(inherited)",
				);
				GCC_WARN_64_TO_32_BIT_CONVERSION = YES;
				GCC_WARN_ABOUT_RETURN_TYPE = YES_ERROR;
				GCC_WARN_UNDECLARED_SELECTOR = YES;
				GCC_WARN_UNINITIALIZED_AUTOS = YES_AGGRESSIVE;
				GCC_WARN_UNUSED_FUNCTION = YES;
				GCC_WARN_UNUSED_VARIABLE = YES;
				IPHONEOS_DEPLOYMENT_TARGET = 14.4;
				MTL_ENABLE_DEBUG_INFO = INCLUDE_SOURCE;
				MTL_FAST_MATH = YES;
				ONLY_ACTIVE_ARCH = YES;
				SDKROOT = iphoneos;
				SWIFT_ACTIVE_COMPILATION_CONDITIONS = DEBUG;
				SWIFT_OPTIMIZATION_LEVEL = "-Onone";
			};
			name = Debug;
		};
		091611BE25EE747C00577800 /* Release */ = {
			isa = XCBuildConfiguration;
			buildSettings = {
				ALWAYS_SEARCH_USER_PATHS = NO;
				CLANG_ANALYZER_NONNULL = YES;
				CLANG_ANALYZER_NUMBER_OBJECT_CONVERSION = YES_AGGRESSIVE;
				CLANG_CXX_LANGUAGE_STANDARD = "gnu++14";
				CLANG_CXX_LIBRARY = "libc++";
				CLANG_ENABLE_MODULES = YES;
				CLANG_ENABLE_OBJC_ARC = YES;
				CLANG_ENABLE_OBJC_WEAK = YES;
				CLANG_WARN_BLOCK_CAPTURE_AUTORELEASING = YES;
				CLANG_WARN_BOOL_CONVERSION = YES;
				CLANG_WARN_COMMA = YES;
				CLANG_WARN_CONSTANT_CONVERSION = YES;
				CLANG_WARN_DEPRECATED_OBJC_IMPLEMENTATIONS = YES;
				CLANG_WARN_DIRECT_OBJC_ISA_USAGE = YES_ERROR;
				CLANG_WARN_DOCUMENTATION_COMMENTS = YES;
				CLANG_WARN_EMPTY_BODY = YES;
				CLANG_WARN_ENUM_CONVERSION = YES;
				CLANG_WARN_INFINITE_RECURSION = YES;
				CLANG_WARN_INT_CONVERSION = YES;
				CLANG_WARN_NON_LITERAL_NULL_CONVERSION = YES;
				CLANG_WARN_OBJC_IMPLICIT_RETAIN_SELF = YES;
				CLANG_WARN_OBJC_LITERAL_CONVERSION = YES;
				CLANG_WARN_OBJC_ROOT_CLASS = YES_ERROR;
				CLANG_WARN_QUOTED_INCLUDE_IN_FRAMEWORK_HEADER = YES;
				CLANG_WARN_RANGE_LOOP_ANALYSIS = YES;
				CLANG_WARN_STRICT_PROTOTYPES = YES;
				CLANG_WARN_SUSPICIOUS_MOVE = YES;
				CLANG_WARN_UNGUARDED_AVAILABILITY = YES_AGGRESSIVE;
				CLANG_WARN_UNREACHABLE_CODE = YES;
				CLANG_WARN__DUPLICATE_METHOD_MATCH = YES;
				COPY_PHASE_STRIP = NO;
				DEBUG_INFORMATION_FORMAT = "dwarf-with-dsym";
				ENABLE_NS_ASSERTIONS = NO;
				ENABLE_STRICT_OBJC_MSGSEND = YES;
				GCC_C_LANGUAGE_STANDARD = gnu11;
				GCC_NO_COMMON_BLOCKS = YES;
				GCC_WARN_64_TO_32_BIT_CONVERSION = YES;
				GCC_WARN_ABOUT_RETURN_TYPE = YES_ERROR;
				GCC_WARN_UNDECLARED_SELECTOR = YES;
				GCC_WARN_UNINITIALIZED_AUTOS = YES_AGGRESSIVE;
				GCC_WARN_UNUSED_FUNCTION = YES;
				GCC_WARN_UNUSED_VARIABLE = YES;
				IPHONEOS_DEPLOYMENT_TARGET = 14.4;
				MTL_ENABLE_DEBUG_INFO = NO;
				MTL_FAST_MATH = YES;
				SDKROOT = iphoneos;
				SWIFT_COMPILATION_MODE = wholemodule;
				SWIFT_OPTIMIZATION_LEVEL = "-O";
				VALIDATE_PRODUCT = YES;
			};
			name = Release;
		};
		091611C025EE747C00577800 /* Debug */ = {
			isa = XCBuildConfiguration;
			buildSettings = {
				ASSETCATALOG_COMPILER_APPICON_NAME = AppIcon;
				ASSETCATALOG_COMPILER_GLOBAL_ACCENT_COLOR_NAME = AccentColor;
				CODE_SIGN_STYLE = Automatic;
				DEVELOPMENT_TEAM = VVV8PUUTJ5;
				INFOPLIST_FILE = "VK-Social/Info.plist";
				LD_RUNPATH_SEARCH_PATHS = (
					"$(inherited)",
					"@executable_path/Frameworks",
				);
				PRODUCT_BUNDLE_IDENTIFIER = "ilya.VK-Social";
				PRODUCT_NAME = "$(TARGET_NAME)";
				SWIFT_VERSION = 5.0;
				TARGETED_DEVICE_FAMILY = "1,2";
			};
			name = Debug;
		};
		091611C125EE747C00577800 /* Release */ = {
			isa = XCBuildConfiguration;
			buildSettings = {
				ASSETCATALOG_COMPILER_APPICON_NAME = AppIcon;
				ASSETCATALOG_COMPILER_GLOBAL_ACCENT_COLOR_NAME = AccentColor;
				CODE_SIGN_STYLE = Automatic;
				DEVELOPMENT_TEAM = VVV8PUUTJ5;
				INFOPLIST_FILE = "VK-Social/Info.plist";
				LD_RUNPATH_SEARCH_PATHS = (
					"$(inherited)",
					"@executable_path/Frameworks",
				);
				PRODUCT_BUNDLE_IDENTIFIER = "ilya.VK-Social";
				PRODUCT_NAME = "$(TARGET_NAME)";
				SWIFT_VERSION = 5.0;
				TARGETED_DEVICE_FAMILY = "1,2";
			};
			name = Release;
		};
/* End XCBuildConfiguration section */

/* Begin XCConfigurationList section */
		091611A625EE747B00577800 /* Build configuration list for PBXProject "VK-Social" */ = {
			isa = XCConfigurationList;
			buildConfigurations = (
				091611BD25EE747C00577800 /* Debug */,
				091611BE25EE747C00577800 /* Release */,
			);
			defaultConfigurationIsVisible = 0;
			defaultConfigurationName = Release;
		};
		091611BF25EE747C00577800 /* Build configuration list for PBXNativeTarget "VK-Social" */ = {
			isa = XCConfigurationList;
			buildConfigurations = (
				091611C025EE747C00577800 /* Debug */,
				091611C125EE747C00577800 /* Release */,
			);
			defaultConfigurationIsVisible = 0;
			defaultConfigurationName = Release;
		};
/* End XCConfigurationList section */
	};
	rootObject = 091611A325EE747B00577800 /* Project object */;
}
